
Microsoft Visual Studio Solution File, Format Version 12.00
# Visual Studio Version 17
VisualStudioVersion = 17.0.31314.256
MinimumVisualStudioVersion = 10.0.40219.1
Project("{2150E333-8FDC-42A3-9474-1A3956D46DE8}") = "Automation", "Automation", "{0BFBE63A-B98A-3411-8EEB-8918FEC737B3}"
EndProject
Project("{2150E333-8FDC-42A3-9474-1A3956D46DE8}") = "Engine", "Engine", "{233774A8-CC9D-3FA9-86D1-90573E92B704}"
EndProject
Project("{2150E333-8FDC-42A3-9474-1A3956D46DE8}") = "Games", "Games", "{DE1F8B53-6C02-3C13-9101-A7C8D96F3FF6}"
EndProject
Project("{2150E333-8FDC-42A3-9474-1A3956D46DE8}") = "Programs", "Programs", "{A338B9E2-A559-34BE-A46D-F789DD488FAD}"
EndProject
Project("{2150E333-8FDC-42A3-9474-1A3956D46DE8}") = "Rules", "Rules", "{C2F57ECE-B26F-39D8-BDA7-C1D40BD8F180}"
EndProject
Project("{2150E333-8FDC-42A3-9474-1A3956D46DE8}") = "Shared", "Shared", "{57713676-9DBE-331C-AD10-26632AC9EE0C}"
EndProject
Project("{2150E333-8FDC-42A3-9474-1A3956D46DE8}") = "UnrealBuildTool.Plugins", "UnrealBuildTool.Plugins", "{7B5CFB44-F0FB-31DF-AE62-C3C096A29A7B}"
EndProject
Project("{8BC9CEB8-8B4A-11D0-8D11-00A0C91BC942}") = "UE5", "Intermediate\ProjectFiles\UE5.vcxproj", "{70472BD5-D5B0-3BA7-9509-8D9DA718D234}"
EndProject
Project("{8BC9CEB8-8B4A-11D0-8D11-00A0C91BC942}") = "MeshMergeTest", "Intermediate\ProjectFiles\MeshMergeTest.vcxproj", "{380A49B9-AAD9-3B83-9CBE-9542FF9A08A5}"
	ProjectSection(ProjectDependencies) = postProject
		{B7307ED8-73A8-3CD5-A6B5-4A3F593A7561} = {B7307ED8-73A8-3CD5-A6B5-4A3F593A7561}
	EndProjectSection
EndProject
Project("{FAE04EC0-301F-11D3-BF4B-00C04F79EFBC}") = "UnrealBuildTool", "..\..\Epic Games\UE_5.3\Engine\Source\Programs\UnrealBuildTool\UnrealBuildTool.csproj", "{B7307ED8-73A8-3CD5-A6B5-4A3F593A7561}"
EndProject
Project("{FAE04EC0-301F-11D3-BF4B-00C04F79EFBC}") = "AutomationTool", "..\..\Epic Games\UE_5.3\Engine\Source\Programs\AutomationTool\AutomationTool.csproj", "{7CC45899-C2AD-3513-A78E-A04A0107AD44}"
EndProject
Project("{FAE04EC0-301F-11D3-BF4B-00C04F79EFBC}") = "Android.Automation", "..\..\Epic Games\UE_5.3\Engine\Source\Programs\AutomationTool\Android\Android.Automation.csproj", "{5C068ACA-00BD-39CA-97BC-0619BD1FA666}"
EndProject
Project("{FAE04EC0-301F-11D3-BF4B-00C04F79EFBC}") = "Apple.Automation", "..\..\Epic Games\UE_5.3\Engine\Source\Programs\AutomationTool\Apple\Apple.Automation.csproj", "{0F6CF1FD-6143-37CD-B711-DC1D761A3AA3}"
EndProject
Project("{FAE04EC0-301F-11D3-BF4B-00C04F79EFBC}") = "AutomationUtils.Automation", "..\..\Epic Games\UE_5.3\Engine\Source\Programs\AutomationTool\AutomationUtils\AutomationUtils.Automation.csproj", "{92DFBC91-FF20-3CEB-90FE-F2C0422DFA25}"
EndProject
Project("{FAE04EC0-301F-11D3-BF4B-00C04F79EFBC}") = "BuildGraph.Automation", "..\..\Epic Games\UE_5.3\Engine\Source\Programs\AutomationTool\BuildGraph\BuildGraph.Automation.csproj", "{4E46CEBB-CD2A-3365-9D75-6476EF245D0A}"
EndProject
Project("{FAE04EC0-301F-11D3-BF4B-00C04F79EFBC}") = "CookedEditor.Automation", "..\..\Epic Games\UE_5.3\Engine\Source\Programs\AutomationTool\CookedEditor\CookedEditor.Automation.csproj", "{381EA5F8-1DA5-3352-A426-77E5B92D1828}"
EndProject
Project("{FAE04EC0-301F-11D3-BF4B-00C04F79EFBC}") = "CrowdinLocalization.Automation", "..\..\Epic Games\UE_5.3\Engine\Source\Programs\AutomationTool\CrowdinLocalization\CrowdinLocalization.Automation.csproj", "{B78EC75F-BE90-3671-A377-9455A22AA80A}"
EndProject
Project("{FAE04EC0-301F-11D3-BF4B-00C04F79EFBC}") = "Gauntlet.Automation", "..\..\Epic Games\UE_5.3\Engine\Source\Programs\AutomationTool\Gauntlet\Gauntlet.Automation.csproj", "{F3758D81-83EF-38F9-9E17-B83D56DCA5B2}"
EndProject
Project("{FAE04EC0-301F-11D3-BF4B-00C04F79EFBC}") = "IOS.Automation", "..\..\Epic Games\UE_5.3\Engine\Source\Programs\AutomationTool\IOS\IOS.Automation.csproj", "{80A79C30-2D2F-325C-A676-1AB1116CDF80}"
EndProject
Project("{FAE04EC0-301F-11D3-BF4B-00C04F79EFBC}") = "Linux.Automation", "..\..\Epic Games\UE_5.3\Engine\Source\Programs\AutomationTool\Linux\Linux.Automation.csproj", "{034F4717-F45D-30A4-B601-FDF945E98C90}"
EndProject
Project("{FAE04EC0-301F-11D3-BF4B-00C04F79EFBC}") = "Localization.Automation", "..\..\Epic Games\UE_5.3\Engine\Source\Programs\AutomationTool\Localization\Localization.Automation.csproj", "{414F2B7A-0C77-36DD-82FF-B61ABE1D2F46}"
EndProject
Project("{FAE04EC0-301F-11D3-BF4B-00C04F79EFBC}") = "LowLevelTests.Automation", "..\..\Epic Games\UE_5.3\Engine\Source\Programs\AutomationTool\LowLevelTests\LowLevelTests.Automation.csproj", "{53E9CF72-FB85-3D28-91D3-7614FEF3AE34}"
EndProject
Project("{FAE04EC0-301F-11D3-BF4B-00C04F79EFBC}") = "Mac.Automation", "..\..\Epic Games\UE_5.3\Engine\Source\Programs\AutomationTool\Mac\Mac.Automation.csproj", "{14C33AB5-9A8B-3741-8C3F-21A41DDF4BEE}"
EndProject
Project("{FAE04EC0-301F-11D3-BF4B-00C04F79EFBC}") = "OneSkyLocalization.Automation", "..\..\Epic Games\UE_5.3\Engine\Source\Programs\AutomationTool\OneSkyLocalization\OneSkyLocalization.Automation.csproj", "{E10060F0-7037-39BF-9A88-61D967E7E9F7}"
EndProject
Project("{FAE04EC0-301F-11D3-BF4B-00C04F79EFBC}") = "AutomationScripts.Automation", "..\..\Epic Games\UE_5.3\Engine\Source\Programs\AutomationTool\Scripts\AutomationScripts.Automation.csproj", "{BA566F9E-5523-3754-8813-EB57904B8274}"
EndProject
Project("{FAE04EC0-301F-11D3-BF4B-00C04F79EFBC}") = "SmartlingLocalization.Automation", "..\..\Epic Games\UE_5.3\Engine\Source\Programs\AutomationTool\SmartlingLocalization\SmartlingLocalization.Automation.csproj", "{3073183B-8B7C-3720-8F2D-8E519D872CF1}"
EndProject
Project("{FAE04EC0-301F-11D3-BF4B-00C04F79EFBC}") = "SteamDeck.Automation", "..\..\Epic Games\UE_5.3\Engine\Source\Programs\AutomationTool\SteamDeck\SteamDeck.Automation.csproj", "{217EA4F4-1CE2-3246-A676-037CC4BFFAFD}"
EndProject
Project("{FAE04EC0-301F-11D3-BF4B-00C04F79EFBC}") = "TVOS.Automation", "..\..\Epic Games\UE_5.3\Engine\Source\Programs\AutomationTool\TVOS\TVOS.Automation.csproj", "{69DA7EF1-31AD-39C7-A526-5AE4FB02275A}"
EndProject
Project("{FAE04EC0-301F-11D3-BF4B-00C04F79EFBC}") = "Turnkey.Automation", "..\..\Epic Games\UE_5.3\Engine\Source\Programs\AutomationTool\Turnkey\Turnkey.Automation.csproj", "{2EDBD2CC-0B08-3918-9276-88DE71E0E27F}"
EndProject
Project("{FAE04EC0-301F-11D3-BF4B-00C04F79EFBC}") = "Win.Automation", "..\..\Epic Games\UE_5.3\Engine\Source\Programs\AutomationTool\Win\Win.Automation.csproj", "{0C75C4C1-66F5-3858-8D83-A60345976372}"
EndProject
Project("{FAE04EC0-301F-11D3-BF4B-00C04F79EFBC}") = "XLocLocalization.Automation", "..\..\Epic Games\UE_5.3\Engine\Source\Programs\AutomationTool\XLocLocalization\XLocLocalization.Automation.csproj", "{BDB370CB-C587-33E4-8CEC-B7D8496FA10C}"
EndProject
Project("{FAE04EC0-301F-11D3-BF4B-00C04F79EFBC}") = "ScriptGeneratorUbtPlugin.ubtplugin", "..\..\Epic Games\UE_5.3\Engine\Plugins\ScriptPlugin\Source\ScriptGeneratorUbtPlugin\ScriptGeneratorUbtPlugin.ubtplugin.csproj", "{6174A51D-AE77-3B23-B586-26C89CCC8638}"
EndProject
Project("{FAE04EC0-301F-11D3-BF4B-00C04F79EFBC}") = "EpicGames.AspNet", "..\..\Epic Games\UE_5.3\Engine\Source\Programs\Shared\EpicGames.AspNet\EpicGames.AspNet.csproj", "{820BDA27-C3DE-3566-9C91-449AB1A6AC79}"
EndProject
Project("{FAE04EC0-301F-11D3-BF4B-00C04F79EFBC}") = "EpicGames.Box", "..\..\Epic Games\UE_5.3\Engine\Source\Programs\Shared\EpicGames.Box\EpicGames.Box.csproj", "{47F76818-33E0-3927-BEE4-608837D86B8C}"
EndProject
Project("{FAE04EC0-301F-11D3-BF4B-00C04F79EFBC}") = "EpicGames.Build", "..\..\Epic Games\UE_5.3\Engine\Source\Programs\Shared\EpicGames.Build\EpicGames.Build.csproj", "{F62E9918-060C-378F-98A4-671ECFF90A8E}"
EndProject
Project("{FAE04EC0-301F-11D3-BF4B-00C04F79EFBC}") = "EpicGames.BuildGraph", "..\..\Epic Games\UE_5.3\Engine\Source\Programs\Shared\EpicGames.BuildGraph\EpicGames.BuildGraph.csproj", "{B454B94D-A3D1-3705-9FBE-E3BCF331C750}"
EndProject
Project("{FAE04EC0-301F-11D3-BF4B-00C04F79EFBC}") = "EpicGames.Core", "..\..\Epic Games\UE_5.3\Engine\Source\Programs\Shared\EpicGames.Core\EpicGames.Core.csproj", "{236A7A79-0E7B-3A31-B156-886774F2DEC1}"
EndProject
Project("{FAE04EC0-301F-11D3-BF4B-00C04F79EFBC}") = "EpicGames.Horde", "..\..\Epic Games\UE_5.3\Engine\Source\Programs\Shared\EpicGames.Horde\EpicGames.Horde.csproj", "{1A6C9240-C493-3A5D-BB93-ED8CD009DD24}"
EndProject
Project("{FAE04EC0-301F-11D3-BF4B-00C04F79EFBC}") = "EpicGames.IoHash", "..\..\Epic Games\UE_5.3\Engine\Source\Programs\Shared\EpicGames.IoHash\EpicGames.IoHash.csproj", "{C87F5015-61F7-3D21-8D40-E4FE5609453F}"
EndProject
Project("{FAE04EC0-301F-11D3-BF4B-00C04F79EFBC}") = "EpicGames.Jupiter", "..\..\Epic Games\UE_5.3\Engine\Source\Programs\Shared\EpicGames.Jupiter\EpicGames.Jupiter.csproj", "{3BEF6442-EA12-3217-AC69-F7DA836ADD76}"
EndProject
Project("{FAE04EC0-301F-11D3-BF4B-00C04F79EFBC}") = "EpicGames.MongoDB", "..\..\Epic Games\UE_5.3\Engine\Source\Programs\Shared\EpicGames.MongoDB\EpicGames.MongoDB.csproj", "{4A3AC5F7-6154-32C1-B77A-BDDC6873A03C}"
EndProject
Project("{FAE04EC0-301F-11D3-BF4B-00C04F79EFBC}") = "EpicGames.MsBuild", "..\..\Epic Games\UE_5.3\Engine\Source\Programs\Shared\EpicGames.MsBuild\EpicGames.MsBuild.csproj", "{4C229D22-4ECA-37BF-8485-B161501BA482}"
EndProject
Project("{FAE04EC0-301F-11D3-BF4B-00C04F79EFBC}") = "EpicGames.OIDC", "..\..\Epic Games\UE_5.3\Engine\Source\Programs\Shared\EpicGames.OIDC\EpicGames.OIDC.csproj", "{09D03700-A344-3A9C-A947-F290FC64646F}"
EndProject
Project("{FAE04EC0-301F-11D3-BF4B-00C04F79EFBC}") = "EpicGames.Oodle", "..\..\Epic Games\UE_5.3\Engine\Source\Programs\Shared\EpicGames.Oodle\EpicGames.Oodle.csproj", "{CA643D5E-9805-341D-8153-82EA81547950}"
EndProject
Project("{FAE04EC0-301F-11D3-BF4B-00C04F79EFBC}") = "EpicGames.Perforce", "..\..\Epic Games\UE_5.3\Engine\Source\Programs\Shared\EpicGames.Perforce\EpicGames.Perforce.csproj", "{000282B0-68D9-361D-810D-D26BB3BBCDA1}"
EndProject
Project("{FAE04EC0-301F-11D3-BF4B-00C04F79EFBC}") = "EpicGames.Perforce.Fixture", "..\..\Epic Games\UE_5.3\Engine\Source\Programs\Shared\EpicGames.Perforce.Fixture\EpicGames.Perforce.Fixture.csproj", "{84C295C1-013C-388F-B82E-141D931472D4}"
EndProject
Project("{FAE04EC0-301F-11D3-BF4B-00C04F79EFBC}") = "EpicGames.Perforce.Managed", "..\..\Epic Games\UE_5.3\Engine\Source\Programs\Shared\EpicGames.Perforce.Managed\EpicGames.Perforce.Managed.csproj", "{E8E7A57D-AF82-314F-87A1-75B209709032}"
EndProject
Project("{FAE04EC0-301F-11D3-BF4B-00C04F79EFBC}") = "EpicGames.Redis", "..\..\Epic Games\UE_5.3\Engine\Source\Programs\Shared\EpicGames.Redis\EpicGames.Redis.csproj", "{31411B00-7B67-31DB-81DE-B273C7CE1F98}"
EndProject
Project("{FAE04EC0-301F-11D3-BF4B-00C04F79EFBC}") = "EpicGames.Serialization", "..\..\Epic Games\UE_5.3\Engine\Source\Programs\Shared\EpicGames.Serialization\EpicGames.Serialization.csproj", "{6B0EFC48-9029-39D0-B6BD-8FFB16745C91}"
EndProject
Project("{FAE04EC0-301F-11D3-BF4B-00C04F79EFBC}") = "EpicGames.Slack", "..\..\Epic Games\UE_5.3\Engine\Source\Programs\Shared\EpicGames.Slack\EpicGames.Slack.csproj", "{1AB359F8-FEAB-3A36-B8AB-3F3500430879}"
EndProject
Project("{FAE04EC0-301F-11D3-BF4B-00C04F79EFBC}") = "EpicGames.Tracing", "..\..\Epic Games\UE_5.3\Engine\Source\Programs\Shared\EpicGames.Tracing\EpicGames.Tracing.csproj", "{8E8B8B5E-D219-3043-AD9F-63F5998357CB}"
EndProject
Project("{FAE04EC0-301F-11D3-BF4B-00C04F79EFBC}") = "EpicGames.UHT", "..\..\Epic Games\UE_5.3\Engine\Source\Programs\Shared\EpicGames.UHT\EpicGames.UHT.csproj", "{F62D0047-D426-3B94-BD11-A158FF172DC5}"
EndProject
Project("{FAE04EC0-301F-11D3-BF4B-00C04F79EFBC}") = "UE5ProgramRules", "..\..\Epic Games\UE_5.3\Engine\Intermediate\Build\BuildRulesProjects\UE5ProgramRules\UE5ProgramRules.csproj", "{08C2E80E-215F-3E76-825D-332FF7E0E173}"
EndProject
Project("{FAE04EC0-301F-11D3-BF4B-00C04F79EFBC}") = "UE5Rules", "..\..\Epic Games\UE_5.3\Engine\Intermediate\Build\BuildRulesProjects\UE5Rules\UE5Rules.csproj", "{8A667875-7EC0-304B-92F4-2925C47E48DB}"
EndProject
Project("{FAE04EC0-301F-11D3-BF4B-00C04F79EFBC}") = "MeshMergeTestModuleRules", "Intermediate\Build\BuildRulesProjects\MeshMergeTestModuleRules\MeshMergeTestModuleRules.csproj", "{03F6FD26-8456-31B8-B658-85F2522C36AB}"
EndProject
Project("{2150E333-8FDC-42A3-9474-1A3956D46DE8}") = "Visualizers", "Visualizers", "{1CCEC849-CC72-4C59-8C36-2F7C38706D4C}"
	ProjectSection(SolutionItems) = preProject
		..\..\Epic Games\UE_5.3\Engine\Extras\VisualStudioDebugging\Unreal.natvis = ..\..\Epic Games\UE_5.3\Engine\Extras\VisualStudioDebugging\Unreal.natvis
		..\..\Epic Games\UE_5.3\Engine\Extras\VisualStudioDebugging\Unreal.natstepfilter = ..\..\Epic Games\UE_5.3\Engine\Extras\VisualStudioDebugging\Unreal.natstepfilter
	EndProjectSection
EndProject
Global
	GlobalSection(SolutionConfigurationPlatforms) = preSolution
		DebugGame Editor|Win64 = DebugGame Editor|Win64
		DebugGame|Win64 = DebugGame|Win64
		Development Editor|Win64 = Development Editor|Win64
		Development|Win64 = Development|Win64
		Shipping|Win64 = Shipping|Win64
	EndGlobalSection
	# UnrealVS Section
	GlobalSection(ddbf523f-7eb6-4887-bd51-85a714ff87eb) = preSolution
		AvailablePlatforms=Win64
	EndGlobalSection
	GlobalSection(ProjectConfigurationPlatforms) = postSolution
		{70472BD5-D5B0-3BA7-9509-8D9DA718D234}.DebugGame Editor|Win64.ActiveCfg = BuiltWithUnrealBuildTool|Win64
		{70472BD5-D5B0-3BA7-9509-8D9DA718D234}.DebugGame|Win64.ActiveCfg = BuiltWithUnrealBuildTool|Win64
		{70472BD5-D5B0-3BA7-9509-8D9DA718D234}.Development Editor|Win64.ActiveCfg = BuiltWithUnrealBuildTool|Win64
		{70472BD5-D5B0-3BA7-9509-8D9DA718D234}.Development|Win64.ActiveCfg = BuiltWithUnrealBuildTool|Win64
		{70472BD5-D5B0-3BA7-9509-8D9DA718D234}.Shipping|Win64.ActiveCfg = BuiltWithUnrealBuildTool|Win64
		{380A49B9-AAD9-3B83-9CBE-9542FF9A08A5}.DebugGame Editor|Win64.ActiveCfg = DebugGame_Editor|x64
		{380A49B9-AAD9-3B83-9CBE-9542FF9A08A5}.DebugGame Editor|Win64.Build.0 = DebugGame_Editor|x64
		{380A49B9-AAD9-3B83-9CBE-9542FF9A08A5}.DebugGame|Win64.ActiveCfg = DebugGame|x64
		{380A49B9-AAD9-3B83-9CBE-9542FF9A08A5}.DebugGame|Win64.Build.0 = DebugGame|x64
		{380A49B9-AAD9-3B83-9CBE-9542FF9A08A5}.Development Editor|Win64.ActiveCfg = Development_Editor|x64
		{380A49B9-AAD9-3B83-9CBE-9542FF9A08A5}.Development Editor|Win64.Build.0 = Development_Editor|x64
		{380A49B9-AAD9-3B83-9CBE-9542FF9A08A5}.Development|Win64.ActiveCfg = Development|x64
		{380A49B9-AAD9-3B83-9CBE-9542FF9A08A5}.Development|Win64.Build.0 = Development|x64
		{380A49B9-AAD9-3B83-9CBE-9542FF9A08A5}.Shipping|Win64.ActiveCfg = Shipping|x64
		{380A49B9-AAD9-3B83-9CBE-9542FF9A08A5}.Shipping|Win64.Build.0 = Shipping|x64
		{B7307ED8-73A8-3CD5-A6B5-4A3F593A7561}.DebugGame Editor|Win64.ActiveCfg = Development|Any CPU
		{B7307ED8-73A8-3CD5-A6B5-4A3F593A7561}.DebugGame Editor|Win64.Build.0 = Development|Any CPU
		{B7307ED8-73A8-3CD5-A6B5-4A3F593A7561}.DebugGame|Win64.ActiveCfg = Development|Any CPU
		{B7307ED8-73A8-3CD5-A6B5-4A3F593A7561}.DebugGame|Win64.Build.0 = Development|Any CPU
		{B7307ED8-73A8-3CD5-A6B5-4A3F593A7561}.Development Editor|Win64.ActiveCfg = Development|Any CPU
		{B7307ED8-73A8-3CD5-A6B5-4A3F593A7561}.Development Editor|Win64.Build.0 = Development|Any CPU
		{B7307ED8-73A8-3CD5-A6B5-4A3F593A7561}.Development|Win64.ActiveCfg = Development|Any CPU
		{B7307ED8-73A8-3CD5-A6B5-4A3F593A7561}.Development|Win64.Build.0 = Development|Any CPU
		{B7307ED8-73A8-3CD5-A6B5-4A3F593A7561}.Shipping|Win64.ActiveCfg = Development|Any CPU
		{B7307ED8-73A8-3CD5-A6B5-4A3F593A7561}.Shipping|Win64.Build.0 = Development|Any CPU
		{7CC45899-C2AD-3513-A78E-A04A0107AD44}.DebugGame Editor|Win64.ActiveCfg = Development|Any CPU
		{7CC45899-C2AD-3513-A78E-A04A0107AD44}.DebugGame Editor|Win64.Build.0 = Development|Any CPU
		{7CC45899-C2AD-3513-A78E-A04A0107AD44}.DebugGame|Win64.ActiveCfg = Development|Any CPU
		{7CC45899-C2AD-3513-A78E-A04A0107AD44}.DebugGame|Win64.Build.0 = Development|Any CPU
		{7CC45899-C2AD-3513-A78E-A04A0107AD44}.Development Editor|Win64.ActiveCfg = Development|Any CPU
		{7CC45899-C2AD-3513-A78E-A04A0107AD44}.Development Editor|Win64.Build.0 = Development|Any CPU
		{7CC45899-C2AD-3513-A78E-A04A0107AD44}.Development|Win64.ActiveCfg = Development|Any CPU
		{7CC45899-C2AD-3513-A78E-A04A0107AD44}.Development|Win64.Build.0 = Development|Any CPU
		{7CC45899-C2AD-3513-A78E-A04A0107AD44}.Shipping|Win64.ActiveCfg = Development|Any CPU
		{7CC45899-C2AD-3513-A78E-A04A0107AD44}.Shipping|Win64.Build.0 = Development|Any CPU
		{5C068ACA-00BD-39CA-97BC-0619BD1FA666}.DebugGame Editor|Win64.ActiveCfg = Development|Any CPU
		{5C068ACA-00BD-39CA-97BC-0619BD1FA666}.DebugGame Editor|Win64.Build.0 = Development|Any CPU
		{5C068ACA-00BD-39CA-97BC-0619BD1FA666}.DebugGame|Win64.ActiveCfg = Development|Any CPU
		{5C068ACA-00BD-39CA-97BC-0619BD1FA666}.DebugGame|Win64.Build.0 = Development|Any CPU
		{5C068ACA-00BD-39CA-97BC-0619BD1FA666}.Development Editor|Win64.ActiveCfg = Development|Any CPU
		{5C068ACA-00BD-39CA-97BC-0619BD1FA666}.Development Editor|Win64.Build.0 = Development|Any CPU
		{5C068ACA-00BD-39CA-97BC-0619BD1FA666}.Development|Win64.ActiveCfg = Development|Any CPU
		{5C068ACA-00BD-39CA-97BC-0619BD1FA666}.Development|Win64.Build.0 = Development|Any CPU
		{5C068ACA-00BD-39CA-97BC-0619BD1FA666}.Shipping|Win64.ActiveCfg = Development|Any CPU
		{5C068ACA-00BD-39CA-97BC-0619BD1FA666}.Shipping|Win64.Build.0 = Development|Any CPU
		{0F6CF1FD-6143-37CD-B711-DC1D761A3AA3}.DebugGame Editor|Win64.ActiveCfg = Development|Any CPU
		{0F6CF1FD-6143-37CD-B711-DC1D761A3AA3}.DebugGame Editor|Win64.Build.0 = Development|Any CPU
		{0F6CF1FD-6143-37CD-B711-DC1D761A3AA3}.DebugGame|Win64.ActiveCfg = Development|Any CPU
		{0F6CF1FD-6143-37CD-B711-DC1D761A3AA3}.DebugGame|Win64.Build.0 = Development|Any CPU
		{0F6CF1FD-6143-37CD-B711-DC1D761A3AA3}.Development Editor|Win64.ActiveCfg = Development|Any CPU
		{0F6CF1FD-6143-37CD-B711-DC1D761A3AA3}.Development Editor|Win64.Build.0 = Development|Any CPU
		{0F6CF1FD-6143-37CD-B711-DC1D761A3AA3}.Development|Win64.ActiveCfg = Development|Any CPU
		{0F6CF1FD-6143-37CD-B711-DC1D761A3AA3}.Development|Win64.Build.0 = Development|Any CPU
		{0F6CF1FD-6143-37CD-B711-DC1D761A3AA3}.Shipping|Win64.ActiveCfg = Development|Any CPU
		{0F6CF1FD-6143-37CD-B711-DC1D761A3AA3}.Shipping|Win64.Build.0 = Development|Any CPU
		{92DFBC91-FF20-3CEB-90FE-F2C0422DFA25}.DebugGame Editor|Win64.ActiveCfg = Development|Any CPU
		{92DFBC91-FF20-3CEB-90FE-F2C0422DFA25}.DebugGame Editor|Win64.Build.0 = Development|Any CPU
		{92DFBC91-FF20-3CEB-90FE-F2C0422DFA25}.DebugGame|Win64.ActiveCfg = Development|Any CPU
		{92DFBC91-FF20-3CEB-90FE-F2C0422DFA25}.DebugGame|Win64.Build.0 = Development|Any CPU
		{92DFBC91-FF20-3CEB-90FE-F2C0422DFA25}.Development Editor|Win64.ActiveCfg = Development|Any CPU
		{92DFBC91-FF20-3CEB-90FE-F2C0422DFA25}.Development Editor|Win64.Build.0 = Development|Any CPU
		{92DFBC91-FF20-3CEB-90FE-F2C0422DFA25}.Development|Win64.ActiveCfg = Development|Any CPU
		{92DFBC91-FF20-3CEB-90FE-F2C0422DFA25}.Development|Win64.Build.0 = Development|Any CPU
		{92DFBC91-FF20-3CEB-90FE-F2C0422DFA25}.Shipping|Win64.ActiveCfg = Development|Any CPU
		{92DFBC91-FF20-3CEB-90FE-F2C0422DFA25}.Shipping|Win64.Build.0 = Development|Any CPU
		{4E46CEBB-CD2A-3365-9D75-6476EF245D0A}.DebugGame Editor|Win64.ActiveCfg = Development|Any CPU
		{4E46CEBB-CD2A-3365-9D75-6476EF245D0A}.DebugGame Editor|Win64.Build.0 = Development|Any CPU
		{4E46CEBB-CD2A-3365-9D75-6476EF245D0A}.DebugGame|Win64.ActiveCfg = Development|Any CPU
		{4E46CEBB-CD2A-3365-9D75-6476EF245D0A}.DebugGame|Win64.Build.0 = Development|Any CPU
		{4E46CEBB-CD2A-3365-9D75-6476EF245D0A}.Development Editor|Win64.ActiveCfg = Development|Any CPU
		{4E46CEBB-CD2A-3365-9D75-6476EF245D0A}.Development Editor|Win64.Build.0 = Development|Any CPU
		{4E46CEBB-CD2A-3365-9D75-6476EF245D0A}.Development|Win64.ActiveCfg = Development|Any CPU
		{4E46CEBB-CD2A-3365-9D75-6476EF245D0A}.Development|Win64.Build.0 = Development|Any CPU
		{4E46CEBB-CD2A-3365-9D75-6476EF245D0A}.Shipping|Win64.ActiveCfg = Development|Any CPU
		{4E46CEBB-CD2A-3365-9D75-6476EF245D0A}.Shipping|Win64.Build.0 = Development|Any CPU
		{381EA5F8-1DA5-3352-A426-77E5B92D1828}.DebugGame Editor|Win64.ActiveCfg = Development|Any CPU
		{381EA5F8-1DA5-3352-A426-77E5B92D1828}.DebugGame Editor|Win64.Build.0 = Development|Any CPU
		{381EA5F8-1DA5-3352-A426-77E5B92D1828}.DebugGame|Win64.ActiveCfg = Development|Any CPU
		{381EA5F8-1DA5-3352-A426-77E5B92D1828}.DebugGame|Win64.Build.0 = Development|Any CPU
		{381EA5F8-1DA5-3352-A426-77E5B92D1828}.Development Editor|Win64.ActiveCfg = Development|Any CPU
		{381EA5F8-1DA5-3352-A426-77E5B92D1828}.Development Editor|Win64.Build.0 = Development|Any CPU
		{381EA5F8-1DA5-3352-A426-77E5B92D1828}.Development|Win64.ActiveCfg = Development|Any CPU
		{381EA5F8-1DA5-3352-A426-77E5B92D1828}.Development|Win64.Build.0 = Development|Any CPU
		{381EA5F8-1DA5-3352-A426-77E5B92D1828}.Shipping|Win64.ActiveCfg = Development|Any CPU
		{381EA5F8-1DA5-3352-A426-77E5B92D1828}.Shipping|Win64.Build.0 = Development|Any CPU
		{B78EC75F-BE90-3671-A377-9455A22AA80A}.DebugGame Editor|Win64.ActiveCfg = Development|Any CPU
		{B78EC75F-BE90-3671-A377-9455A22AA80A}.DebugGame Editor|Win64.Build.0 = Development|Any CPU
		{B78EC75F-BE90-3671-A377-9455A22AA80A}.DebugGame|Win64.ActiveCfg = Development|Any CPU
		{B78EC75F-BE90-3671-A377-9455A22AA80A}.DebugGame|Win64.Build.0 = Development|Any CPU
		{B78EC75F-BE90-3671-A377-9455A22AA80A}.Development Editor|Win64.ActiveCfg = Development|Any CPU
		{B78EC75F-BE90-3671-A377-9455A22AA80A}.Development Editor|Win64.Build.0 = Development|Any CPU
		{B78EC75F-BE90-3671-A377-9455A22AA80A}.Development|Win64.ActiveCfg = Development|Any CPU
		{B78EC75F-BE90-3671-A377-9455A22AA80A}.Development|Win64.Build.0 = Development|Any CPU
		{B78EC75F-BE90-3671-A377-9455A22AA80A}.Shipping|Win64.ActiveCfg = Development|Any CPU
		{B78EC75F-BE90-3671-A377-9455A22AA80A}.Shipping|Win64.Build.0 = Development|Any CPU
		{F3758D81-83EF-38F9-9E17-B83D56DCA5B2}.DebugGame Editor|Win64.ActiveCfg = Development|Any CPU
		{F3758D81-83EF-38F9-9E17-B83D56DCA5B2}.DebugGame Editor|Win64.Build.0 = Development|Any CPU
		{F3758D81-83EF-38F9-9E17-B83D56DCA5B2}.DebugGame|Win64.ActiveCfg = Development|Any CPU
		{F3758D81-83EF-38F9-9E17-B83D56DCA5B2}.DebugGame|Win64.Build.0 = Development|Any CPU
		{F3758D81-83EF-38F9-9E17-B83D56DCA5B2}.Development Editor|Win64.ActiveCfg = Development|Any CPU
		{F3758D81-83EF-38F9-9E17-B83D56DCA5B2}.Development Editor|Win64.Build.0 = Development|Any CPU
		{F3758D81-83EF-38F9-9E17-B83D56DCA5B2}.Development|Win64.ActiveCfg = Development|Any CPU
		{F3758D81-83EF-38F9-9E17-B83D56DCA5B2}.Development|Win64.Build.0 = Development|Any CPU
		{F3758D81-83EF-38F9-9E17-B83D56DCA5B2}.Shipping|Win64.ActiveCfg = Development|Any CPU
		{F3758D81-83EF-38F9-9E17-B83D56DCA5B2}.Shipping|Win64.Build.0 = Development|Any CPU
		{80A79C30-2D2F-325C-A676-1AB1116CDF80}.DebugGame Editor|Win64.ActiveCfg = Development|Any CPU
		{80A79C30-2D2F-325C-A676-1AB1116CDF80}.DebugGame Editor|Win64.Build.0 = Development|Any CPU
		{80A79C30-2D2F-325C-A676-1AB1116CDF80}.DebugGame|Win64.ActiveCfg = Development|Any CPU
		{80A79C30-2D2F-325C-A676-1AB1116CDF80}.DebugGame|Win64.Build.0 = Development|Any CPU
		{80A79C30-2D2F-325C-A676-1AB1116CDF80}.Development Editor|Win64.ActiveCfg = Development|Any CPU
		{80A79C30-2D2F-325C-A676-1AB1116CDF80}.Development Editor|Win64.Build.0 = Development|Any CPU
		{80A79C30-2D2F-325C-A676-1AB1116CDF80}.Development|Win64.ActiveCfg = Development|Any CPU
		{80A79C30-2D2F-325C-A676-1AB1116CDF80}.Development|Win64.Build.0 = Development|Any CPU
		{80A79C30-2D2F-325C-A676-1AB1116CDF80}.Shipping|Win64.ActiveCfg = Development|Any CPU
		{80A79C30-2D2F-325C-A676-1AB1116CDF80}.Shipping|Win64.Build.0 = Development|Any CPU
		{034F4717-F45D-30A4-B601-FDF945E98C90}.DebugGame Editor|Win64.ActiveCfg = Development|Any CPU
		{034F4717-F45D-30A4-B601-FDF945E98C90}.DebugGame Editor|Win64.Build.0 = Development|Any CPU
		{034F4717-F45D-30A4-B601-FDF945E98C90}.DebugGame|Win64.ActiveCfg = Development|Any CPU
		{034F4717-F45D-30A4-B601-FDF945E98C90}.DebugGame|Win64.Build.0 = Development|Any CPU
		{034F4717-F45D-30A4-B601-FDF945E98C90}.Development Editor|Win64.ActiveCfg = Development|Any CPU
		{034F4717-F45D-30A4-B601-FDF945E98C90}.Development Editor|Win64.Build.0 = Development|Any CPU
		{034F4717-F45D-30A4-B601-FDF945E98C90}.Development|Win64.ActiveCfg = Development|Any CPU
		{034F4717-F45D-30A4-B601-FDF945E98C90}.Development|Win64.Build.0 = Development|Any CPU
		{034F4717-F45D-30A4-B601-FDF945E98C90}.Shipping|Win64.ActiveCfg = Development|Any CPU
		{034F4717-F45D-30A4-B601-FDF945E98C90}.Shipping|Win64.Build.0 = Development|Any CPU
		{414F2B7A-0C77-36DD-82FF-B61ABE1D2F46}.DebugGame Editor|Win64.ActiveCfg = Development|Any CPU
		{414F2B7A-0C77-36DD-82FF-B61ABE1D2F46}.DebugGame Editor|Win64.Build.0 = Development|Any CPU
		{414F2B7A-0C77-36DD-82FF-B61ABE1D2F46}.DebugGame|Win64.ActiveCfg = Development|Any CPU
		{414F2B7A-0C77-36DD-82FF-B61ABE1D2F46}.DebugGame|Win64.Build.0 = Development|Any CPU
		{414F2B7A-0C77-36DD-82FF-B61ABE1D2F46}.Development Editor|Win64.ActiveCfg = Development|Any CPU
		{414F2B7A-0C77-36DD-82FF-B61ABE1D2F46}.Development Editor|Win64.Build.0 = Development|Any CPU
		{414F2B7A-0C77-36DD-82FF-B61ABE1D2F46}.Development|Win64.ActiveCfg = Development|Any CPU
		{414F2B7A-0C77-36DD-82FF-B61ABE1D2F46}.Development|Win64.Build.0 = Development|Any CPU
		{414F2B7A-0C77-36DD-82FF-B61ABE1D2F46}.Shipping|Win64.ActiveCfg = Development|Any CPU
		{414F2B7A-0C77-36DD-82FF-B61ABE1D2F46}.Shipping|Win64.Build.0 = Development|Any CPU
		{53E9CF72-FB85-3D28-91D3-7614FEF3AE34}.DebugGame Editor|Win64.ActiveCfg = Development|Any CPU
		{53E9CF72-FB85-3D28-91D3-7614FEF3AE34}.DebugGame Editor|Win64.Build.0 = Development|Any CPU
		{53E9CF72-FB85-3D28-91D3-7614FEF3AE34}.DebugGame|Win64.ActiveCfg = Development|Any CPU
		{53E9CF72-FB85-3D28-91D3-7614FEF3AE34}.DebugGame|Win64.Build.0 = Development|Any CPU
		{53E9CF72-FB85-3D28-91D3-7614FEF3AE34}.Development Editor|Win64.ActiveCfg = Development|Any CPU
		{53E9CF72-FB85-3D28-91D3-7614FEF3AE34}.Development Editor|Win64.Build.0 = Development|Any CPU
		{53E9CF72-FB85-3D28-91D3-7614FEF3AE34}.Development|Win64.ActiveCfg = Development|Any CPU
		{53E9CF72-FB85-3D28-91D3-7614FEF3AE34}.Development|Win64.Build.0 = Development|Any CPU
		{53E9CF72-FB85-3D28-91D3-7614FEF3AE34}.Shipping|Win64.ActiveCfg = Development|Any CPU
		{53E9CF72-FB85-3D28-91D3-7614FEF3AE34}.Shipping|Win64.Build.0 = Development|Any CPU
		{14C33AB5-9A8B-3741-8C3F-21A41DDF4BEE}.DebugGame Editor|Win64.ActiveCfg = Development|Any CPU
		{14C33AB5-9A8B-3741-8C3F-21A41DDF4BEE}.DebugGame Editor|Win64.Build.0 = Development|Any CPU
		{14C33AB5-9A8B-3741-8C3F-21A41DDF4BEE}.DebugGame|Win64.ActiveCfg = Development|Any CPU
		{14C33AB5-9A8B-3741-8C3F-21A41DDF4BEE}.DebugGame|Win64.Build.0 = Development|Any CPU
		{14C33AB5-9A8B-3741-8C3F-21A41DDF4BEE}.Development Editor|Win64.ActiveCfg = Development|Any CPU
		{14C33AB5-9A8B-3741-8C3F-21A41DDF4BEE}.Development Editor|Win64.Build.0 = Development|Any CPU
		{14C33AB5-9A8B-3741-8C3F-21A41DDF4BEE}.Development|Win64.ActiveCfg = Development|Any CPU
		{14C33AB5-9A8B-3741-8C3F-21A41DDF4BEE}.Development|Win64.Build.0 = Development|Any CPU
		{14C33AB5-9A8B-3741-8C3F-21A41DDF4BEE}.Shipping|Win64.ActiveCfg = Development|Any CPU
		{14C33AB5-9A8B-3741-8C3F-21A41DDF4BEE}.Shipping|Win64.Build.0 = Development|Any CPU
		{E10060F0-7037-39BF-9A88-61D967E7E9F7}.DebugGame Editor|Win64.ActiveCfg = Development|Any CPU
		{E10060F0-7037-39BF-9A88-61D967E7E9F7}.DebugGame Editor|Win64.Build.0 = Development|Any CPU
		{E10060F0-7037-39BF-9A88-61D967E7E9F7}.DebugGame|Win64.ActiveCfg = Development|Any CPU
		{E10060F0-7037-39BF-9A88-61D967E7E9F7}.DebugGame|Win64.Build.0 = Development|Any CPU
		{E10060F0-7037-39BF-9A88-61D967E7E9F7}.Development Editor|Win64.ActiveCfg = Development|Any CPU
		{E10060F0-7037-39BF-9A88-61D967E7E9F7}.Development Editor|Win64.Build.0 = Development|Any CPU
		{E10060F0-7037-39BF-9A88-61D967E7E9F7}.Development|Win64.ActiveCfg = Development|Any CPU
		{E10060F0-7037-39BF-9A88-61D967E7E9F7}.Development|Win64.Build.0 = Development|Any CPU
		{E10060F0-7037-39BF-9A88-61D967E7E9F7}.Shipping|Win64.ActiveCfg = Development|Any CPU
		{E10060F0-7037-39BF-9A88-61D967E7E9F7}.Shipping|Win64.Build.0 = Development|Any CPU
		{BA566F9E-5523-3754-8813-EB57904B8274}.DebugGame Editor|Win64.ActiveCfg = Development|Any CPU
		{BA566F9E-5523-3754-8813-EB57904B8274}.DebugGame Editor|Win64.Build.0 = Development|Any CPU
		{BA566F9E-5523-3754-8813-EB57904B8274}.DebugGame|Win64.ActiveCfg = Development|Any CPU
		{BA566F9E-5523-3754-8813-EB57904B8274}.DebugGame|Win64.Build.0 = Development|Any CPU
		{BA566F9E-5523-3754-8813-EB57904B8274}.Development Editor|Win64.ActiveCfg = Development|Any CPU
		{BA566F9E-5523-3754-8813-EB57904B8274}.Development Editor|Win64.Build.0 = Development|Any CPU
		{BA566F9E-5523-3754-8813-EB57904B8274}.Development|Win64.ActiveCfg = Development|Any CPU
		{BA566F9E-5523-3754-8813-EB57904B8274}.Development|Win64.Build.0 = Development|Any CPU
		{BA566F9E-5523-3754-8813-EB57904B8274}.Shipping|Win64.ActiveCfg = Development|Any CPU
		{BA566F9E-5523-3754-8813-EB57904B8274}.Shipping|Win64.Build.0 = Development|Any CPU
		{3073183B-8B7C-3720-8F2D-8E519D872CF1}.DebugGame Editor|Win64.ActiveCfg = Development|Any CPU
		{3073183B-8B7C-3720-8F2D-8E519D872CF1}.DebugGame Editor|Win64.Build.0 = Development|Any CPU
		{3073183B-8B7C-3720-8F2D-8E519D872CF1}.DebugGame|Win64.ActiveCfg = Development|Any CPU
		{3073183B-8B7C-3720-8F2D-8E519D872CF1}.DebugGame|Win64.Build.0 = Development|Any CPU
		{3073183B-8B7C-3720-8F2D-8E519D872CF1}.Development Editor|Win64.ActiveCfg = Development|Any CPU
		{3073183B-8B7C-3720-8F2D-8E519D872CF1}.Development Editor|Win64.Build.0 = Development|Any CPU
		{3073183B-8B7C-3720-8F2D-8E519D872CF1}.Development|Win64.ActiveCfg = Development|Any CPU
		{3073183B-8B7C-3720-8F2D-8E519D872CF1}.Development|Win64.Build.0 = Development|Any CPU
		{3073183B-8B7C-3720-8F2D-8E519D872CF1}.Shipping|Win64.ActiveCfg = Development|Any CPU
		{3073183B-8B7C-3720-8F2D-8E519D872CF1}.Shipping|Win64.Build.0 = Development|Any CPU
		{217EA4F4-1CE2-3246-A676-037CC4BFFAFD}.DebugGame Editor|Win64.ActiveCfg = Development|Any CPU
		{217EA4F4-1CE2-3246-A676-037CC4BFFAFD}.DebugGame Editor|Win64.Build.0 = Development|Any CPU
		{217EA4F4-1CE2-3246-A676-037CC4BFFAFD}.DebugGame|Win64.ActiveCfg = Development|Any CPU
		{217EA4F4-1CE2-3246-A676-037CC4BFFAFD}.DebugGame|Win64.Build.0 = Development|Any CPU
		{217EA4F4-1CE2-3246-A676-037CC4BFFAFD}.Development Editor|Win64.ActiveCfg = Development|Any CPU
		{217EA4F4-1CE2-3246-A676-037CC4BFFAFD}.Development Editor|Win64.Build.0 = Development|Any CPU
		{217EA4F4-1CE2-3246-A676-037CC4BFFAFD}.Development|Win64.ActiveCfg = Development|Any CPU
		{217EA4F4-1CE2-3246-A676-037CC4BFFAFD}.Development|Win64.Build.0 = Development|Any CPU
		{217EA4F4-1CE2-3246-A676-037CC4BFFAFD}.Shipping|Win64.ActiveCfg = Development|Any CPU
		{217EA4F4-1CE2-3246-A676-037CC4BFFAFD}.Shipping|Win64.Build.0 = Development|Any CPU
		{69DA7EF1-31AD-39C7-A526-5AE4FB02275A}.DebugGame Editor|Win64.ActiveCfg = Development|Any CPU
		{69DA7EF1-31AD-39C7-A526-5AE4FB02275A}.DebugGame Editor|Win64.Build.0 = Development|Any CPU
		{69DA7EF1-31AD-39C7-A526-5AE4FB02275A}.DebugGame|Win64.ActiveCfg = Development|Any CPU
		{69DA7EF1-31AD-39C7-A526-5AE4FB02275A}.DebugGame|Win64.Build.0 = Development|Any CPU
		{69DA7EF1-31AD-39C7-A526-5AE4FB02275A}.Development Editor|Win64.ActiveCfg = Development|Any CPU
		{69DA7EF1-31AD-39C7-A526-5AE4FB02275A}.Development Editor|Win64.Build.0 = Development|Any CPU
		{69DA7EF1-31AD-39C7-A526-5AE4FB02275A}.Development|Win64.ActiveCfg = Development|Any CPU
		{69DA7EF1-31AD-39C7-A526-5AE4FB02275A}.Development|Win64.Build.0 = Development|Any CPU
		{69DA7EF1-31AD-39C7-A526-5AE4FB02275A}.Shipping|Win64.ActiveCfg = Development|Any CPU
		{69DA7EF1-31AD-39C7-A526-5AE4FB02275A}.Shipping|Win64.Build.0 = Development|Any CPU
		{2EDBD2CC-0B08-3918-9276-88DE71E0E27F}.DebugGame Editor|Win64.ActiveCfg = Development|Any CPU
		{2EDBD2CC-0B08-3918-9276-88DE71E0E27F}.DebugGame Editor|Win64.Build.0 = Development|Any CPU
		{2EDBD2CC-0B08-3918-9276-88DE71E0E27F}.DebugGame|Win64.ActiveCfg = Development|Any CPU
		{2EDBD2CC-0B08-3918-9276-88DE71E0E27F}.DebugGame|Win64.Build.0 = Development|Any CPU
		{2EDBD2CC-0B08-3918-9276-88DE71E0E27F}.Development Editor|Win64.ActiveCfg = Development|Any CPU
		{2EDBD2CC-0B08-3918-9276-88DE71E0E27F}.Development Editor|Win64.Build.0 = Development|Any CPU
		{2EDBD2CC-0B08-3918-9276-88DE71E0E27F}.Development|Win64.ActiveCfg = Development|Any CPU
		{2EDBD2CC-0B08-3918-9276-88DE71E0E27F}.Development|Win64.Build.0 = Development|Any CPU
		{2EDBD2CC-0B08-3918-9276-88DE71E0E27F}.Shipping|Win64.ActiveCfg = Development|Any CPU
		{2EDBD2CC-0B08-3918-9276-88DE71E0E27F}.Shipping|Win64.Build.0 = Development|Any CPU
		{0C75C4C1-66F5-3858-8D83-A60345976372}.DebugGame Editor|Win64.ActiveCfg = Development|Any CPU
		{0C75C4C1-66F5-3858-8D83-A60345976372}.DebugGame Editor|Win64.Build.0 = Development|Any CPU
		{0C75C4C1-66F5-3858-8D83-A60345976372}.DebugGame|Win64.ActiveCfg = Development|Any CPU
		{0C75C4C1-66F5-3858-8D83-A60345976372}.DebugGame|Win64.Build.0 = Development|Any CPU
		{0C75C4C1-66F5-3858-8D83-A60345976372}.Development Editor|Win64.ActiveCfg = Development|Any CPU
		{0C75C4C1-66F5-3858-8D83-A60345976372}.Development Editor|Win64.Build.0 = Development|Any CPU
		{0C75C4C1-66F5-3858-8D83-A60345976372}.Development|Win64.ActiveCfg = Development|Any CPU
		{0C75C4C1-66F5-3858-8D83-A60345976372}.Development|Win64.Build.0 = Development|Any CPU
		{0C75C4C1-66F5-3858-8D83-A60345976372}.Shipping|Win64.ActiveCfg = Development|Any CPU
		{0C75C4C1-66F5-3858-8D83-A60345976372}.Shipping|Win64.Build.0 = Development|Any CPU
		{BDB370CB-C587-33E4-8CEC-B7D8496FA10C}.DebugGame Editor|Win64.ActiveCfg = Development|Any CPU
		{BDB370CB-C587-33E4-8CEC-B7D8496FA10C}.DebugGame Editor|Win64.Build.0 = Development|Any CPU
		{BDB370CB-C587-33E4-8CEC-B7D8496FA10C}.DebugGame|Win64.ActiveCfg = Development|Any CPU
		{BDB370CB-C587-33E4-8CEC-B7D8496FA10C}.DebugGame|Win64.Build.0 = Development|Any CPU
		{BDB370CB-C587-33E4-8CEC-B7D8496FA10C}.Development Editor|Win64.ActiveCfg = Development|Any CPU
		{BDB370CB-C587-33E4-8CEC-B7D8496FA10C}.Development Editor|Win64.Build.0 = Development|Any CPU
		{BDB370CB-C587-33E4-8CEC-B7D8496FA10C}.Development|Win64.ActiveCfg = Development|Any CPU
		{BDB370CB-C587-33E4-8CEC-B7D8496FA10C}.Development|Win64.Build.0 = Development|Any CPU
		{BDB370CB-C587-33E4-8CEC-B7D8496FA10C}.Shipping|Win64.ActiveCfg = Development|Any CPU
		{BDB370CB-C587-33E4-8CEC-B7D8496FA10C}.Shipping|Win64.Build.0 = Development|Any CPU
		{6174A51D-AE77-3B23-B586-26C89CCC8638}.DebugGame Editor|Win64.ActiveCfg = Development|Any CPU
		{6174A51D-AE77-3B23-B586-26C89CCC8638}.DebugGame Editor|Win64.Build.0 = Development|Any CPU
		{6174A51D-AE77-3B23-B586-26C89CCC8638}.DebugGame|Win64.ActiveCfg = Development|Any CPU
		{6174A51D-AE77-3B23-B586-26C89CCC8638}.DebugGame|Win64.Build.0 = Development|Any CPU
		{6174A51D-AE77-3B23-B586-26C89CCC8638}.Development Editor|Win64.ActiveCfg = Development|Any CPU
		{6174A51D-AE77-3B23-B586-26C89CCC8638}.Development Editor|Win64.Build.0 = Development|Any CPU
		{6174A51D-AE77-3B23-B586-26C89CCC8638}.Development|Win64.ActiveCfg = Development|Any CPU
		{6174A51D-AE77-3B23-B586-26C89CCC8638}.Development|Win64.Build.0 = Development|Any CPU
		{6174A51D-AE77-3B23-B586-26C89CCC8638}.Shipping|Win64.ActiveCfg = Development|Any CPU
		{6174A51D-AE77-3B23-B586-26C89CCC8638}.Shipping|Win64.Build.0 = Development|Any CPU
		{820BDA27-C3DE-3566-9C91-449AB1A6AC79}.DebugGame Editor|Win64.ActiveCfg = Development|Any CPU
		{820BDA27-C3DE-3566-9C91-449AB1A6AC79}.DebugGame Editor|Win64.Build.0 = Development|Any CPU
		{820BDA27-C3DE-3566-9C91-449AB1A6AC79}.DebugGame|Win64.ActiveCfg = Development|Any CPU
		{820BDA27-C3DE-3566-9C91-449AB1A6AC79}.DebugGame|Win64.Build.0 = Development|Any CPU
		{820BDA27-C3DE-3566-9C91-449AB1A6AC79}.Development Editor|Win64.ActiveCfg = Development|Any CPU
		{820BDA27-C3DE-3566-9C91-449AB1A6AC79}.Development Editor|Win64.Build.0 = Development|Any CPU
		{820BDA27-C3DE-3566-9C91-449AB1A6AC79}.Development|Win64.ActiveCfg = Development|Any CPU
		{820BDA27-C3DE-3566-9C91-449AB1A6AC79}.Development|Win64.Build.0 = Development|Any CPU
		{820BDA27-C3DE-3566-9C91-449AB1A6AC79}.Shipping|Win64.ActiveCfg = Development|Any CPU
		{820BDA27-C3DE-3566-9C91-449AB1A6AC79}.Shipping|Win64.Build.0 = Development|Any CPU
		{47F76818-33E0-3927-BEE4-608837D86B8C}.DebugGame Editor|Win64.ActiveCfg = Development|Any CPU
		{47F76818-33E0-3927-BEE4-608837D86B8C}.DebugGame Editor|Win64.Build.0 = Development|Any CPU
		{47F76818-33E0-3927-BEE4-608837D86B8C}.DebugGame|Win64.ActiveCfg = Development|Any CPU
		{47F76818-33E0-3927-BEE4-608837D86B8C}.DebugGame|Win64.Build.0 = Development|Any CPU
		{47F76818-33E0-3927-BEE4-608837D86B8C}.Development Editor|Win64.ActiveCfg = Development|Any CPU
		{47F76818-33E0-3927-BEE4-608837D86B8C}.Development Editor|Win64.Build.0 = Development|Any CPU
		{47F76818-33E0-3927-BEE4-608837D86B8C}.Development|Win64.ActiveCfg = Development|Any CPU
		{47F76818-33E0-3927-BEE4-608837D86B8C}.Development|Win64.Build.0 = Development|Any CPU
		{47F76818-33E0-3927-BEE4-608837D86B8C}.Shipping|Win64.ActiveCfg = Development|Any CPU
		{47F76818-33E0-3927-BEE4-608837D86B8C}.Shipping|Win64.Build.0 = Development|Any CPU
		{F62E9918-060C-378F-98A4-671ECFF90A8E}.DebugGame Editor|Win64.ActiveCfg = Development|Any CPU
		{F62E9918-060C-378F-98A4-671ECFF90A8E}.DebugGame Editor|Win64.Build.0 = Development|Any CPU
		{F62E9918-060C-378F-98A4-671ECFF90A8E}.DebugGame|Win64.ActiveCfg = Development|Any CPU
		{F62E9918-060C-378F-98A4-671ECFF90A8E}.DebugGame|Win64.Build.0 = Development|Any CPU
		{F62E9918-060C-378F-98A4-671ECFF90A8E}.Development Editor|Win64.ActiveCfg = Development|Any CPU
		{F62E9918-060C-378F-98A4-671ECFF90A8E}.Development Editor|Win64.Build.0 = Development|Any CPU
		{F62E9918-060C-378F-98A4-671ECFF90A8E}.Development|Win64.ActiveCfg = Development|Any CPU
		{F62E9918-060C-378F-98A4-671ECFF90A8E}.Development|Win64.Build.0 = Development|Any CPU
		{F62E9918-060C-378F-98A4-671ECFF90A8E}.Shipping|Win64.ActiveCfg = Development|Any CPU
		{F62E9918-060C-378F-98A4-671ECFF90A8E}.Shipping|Win64.Build.0 = Development|Any CPU
		{B454B94D-A3D1-3705-9FBE-E3BCF331C750}.DebugGame Editor|Win64.ActiveCfg = Development|Any CPU
		{B454B94D-A3D1-3705-9FBE-E3BCF331C750}.DebugGame Editor|Win64.Build.0 = Development|Any CPU
		{B454B94D-A3D1-3705-9FBE-E3BCF331C750}.DebugGame|Win64.ActiveCfg = Development|Any CPU
		{B454B94D-A3D1-3705-9FBE-E3BCF331C750}.DebugGame|Win64.Build.0 = Development|Any CPU
		{B454B94D-A3D1-3705-9FBE-E3BCF331C750}.Development Editor|Win64.ActiveCfg = Development|Any CPU
		{B454B94D-A3D1-3705-9FBE-E3BCF331C750}.Development Editor|Win64.Build.0 = Development|Any CPU
		{B454B94D-A3D1-3705-9FBE-E3BCF331C750}.Development|Win64.ActiveCfg = Development|Any CPU
		{B454B94D-A3D1-3705-9FBE-E3BCF331C750}.Development|Win64.Build.0 = Development|Any CPU
		{B454B94D-A3D1-3705-9FBE-E3BCF331C750}.Shipping|Win64.ActiveCfg = Development|Any CPU
		{B454B94D-A3D1-3705-9FBE-E3BCF331C750}.Shipping|Win64.Build.0 = Development|Any CPU
		{236A7A79-0E7B-3A31-B156-886774F2DEC1}.DebugGame Editor|Win64.ActiveCfg = Development|Any CPU
		{236A7A79-0E7B-3A31-B156-886774F2DEC1}.DebugGame Editor|Win64.Build.0 = Development|Any CPU
		{236A7A79-0E7B-3A31-B156-886774F2DEC1}.DebugGame|Win64.ActiveCfg = Development|Any CPU
		{236A7A79-0E7B-3A31-B156-886774F2DEC1}.DebugGame|Win64.Build.0 = Development|Any CPU
		{236A7A79-0E7B-3A31-B156-886774F2DEC1}.Development Editor|Win64.ActiveCfg = Development|Any CPU
		{236A7A79-0E7B-3A31-B156-886774F2DEC1}.Development Editor|Win64.Build.0 = Development|Any CPU
		{236A7A79-0E7B-3A31-B156-886774F2DEC1}.Development|Win64.ActiveCfg = Development|Any CPU
		{236A7A79-0E7B-3A31-B156-886774F2DEC1}.Development|Win64.Build.0 = Development|Any CPU
		{236A7A79-0E7B-3A31-B156-886774F2DEC1}.Shipping|Win64.ActiveCfg = Development|Any CPU
		{236A7A79-0E7B-3A31-B156-886774F2DEC1}.Shipping|Win64.Build.0 = Development|Any CPU
		{1A6C9240-C493-3A5D-BB93-ED8CD009DD24}.DebugGame Editor|Win64.ActiveCfg = Development|Any CPU
		{1A6C9240-C493-3A5D-BB93-ED8CD009DD24}.DebugGame Editor|Win64.Build.0 = Development|Any CPU
		{1A6C9240-C493-3A5D-BB93-ED8CD009DD24}.DebugGame|Win64.ActiveCfg = Development|Any CPU
		{1A6C9240-C493-3A5D-BB93-ED8CD009DD24}.DebugGame|Win64.Build.0 = Development|Any CPU
		{1A6C9240-C493-3A5D-BB93-ED8CD009DD24}.Development Editor|Win64.ActiveCfg = Development|Any CPU
		{1A6C9240-C493-3A5D-BB93-ED8CD009DD24}.Development Editor|Win64.Build.0 = Development|Any CPU
		{1A6C9240-C493-3A5D-BB93-ED8CD009DD24}.Development|Win64.ActiveCfg = Development|Any CPU
		{1A6C9240-C493-3A5D-BB93-ED8CD009DD24}.Development|Win64.Build.0 = Development|Any CPU
		{1A6C9240-C493-3A5D-BB93-ED8CD009DD24}.Shipping|Win64.ActiveCfg = Development|Any CPU
		{1A6C9240-C493-3A5D-BB93-ED8CD009DD24}.Shipping|Win64.Build.0 = Development|Any CPU
		{C87F5015-61F7-3D21-8D40-E4FE5609453F}.DebugGame Editor|Win64.ActiveCfg = Development|Any CPU
		{C87F5015-61F7-3D21-8D40-E4FE5609453F}.DebugGame Editor|Win64.Build.0 = Development|Any CPU
		{C87F5015-61F7-3D21-8D40-E4FE5609453F}.DebugGame|Win64.ActiveCfg = Development|Any CPU
		{C87F5015-61F7-3D21-8D40-E4FE5609453F}.DebugGame|Win64.Build.0 = Development|Any CPU
		{C87F5015-61F7-3D21-8D40-E4FE5609453F}.Development Editor|Win64.ActiveCfg = Development|Any CPU
		{C87F5015-61F7-3D21-8D40-E4FE5609453F}.Development Editor|Win64.Build.0 = Development|Any CPU
		{C87F5015-61F7-3D21-8D40-E4FE5609453F}.Development|Win64.ActiveCfg = Development|Any CPU
		{C87F5015-61F7-3D21-8D40-E4FE5609453F}.Development|Win64.Build.0 = Development|Any CPU
		{C87F5015-61F7-3D21-8D40-E4FE5609453F}.Shipping|Win64.ActiveCfg = Development|Any CPU
		{C87F5015-61F7-3D21-8D40-E4FE5609453F}.Shipping|Win64.Build.0 = Development|Any CPU
		{3BEF6442-EA12-3217-AC69-F7DA836ADD76}.DebugGame Editor|Win64.ActiveCfg = Development|Any CPU
		{3BEF6442-EA12-3217-AC69-F7DA836ADD76}.DebugGame Editor|Win64.Build.0 = Development|Any CPU
		{3BEF6442-EA12-3217-AC69-F7DA836ADD76}.DebugGame|Win64.ActiveCfg = Development|Any CPU
		{3BEF6442-EA12-3217-AC69-F7DA836ADD76}.DebugGame|Win64.Build.0 = Development|Any CPU
		{3BEF6442-EA12-3217-AC69-F7DA836ADD76}.Development Editor|Win64.ActiveCfg = Development|Any CPU
		{3BEF6442-EA12-3217-AC69-F7DA836ADD76}.Development Editor|Win64.Build.0 = Development|Any CPU
		{3BEF6442-EA12-3217-AC69-F7DA836ADD76}.Development|Win64.ActiveCfg = Development|Any CPU
		{3BEF6442-EA12-3217-AC69-F7DA836ADD76}.Development|Win64.Build.0 = Development|Any CPU
		{3BEF6442-EA12-3217-AC69-F7DA836ADD76}.Shipping|Win64.ActiveCfg = Development|Any CPU
		{3BEF6442-EA12-3217-AC69-F7DA836ADD76}.Shipping|Win64.Build.0 = Development|Any CPU
		{4A3AC5F7-6154-32C1-B77A-BDDC6873A03C}.DebugGame Editor|Win64.ActiveCfg = Development|Any CPU
		{4A3AC5F7-6154-32C1-B77A-BDDC6873A03C}.DebugGame Editor|Win64.Build.0 = Development|Any CPU
		{4A3AC5F7-6154-32C1-B77A-BDDC6873A03C}.DebugGame|Win64.ActiveCfg = Development|Any CPU
		{4A3AC5F7-6154-32C1-B77A-BDDC6873A03C}.DebugGame|Win64.Build.0 = Development|Any CPU
		{4A3AC5F7-6154-32C1-B77A-BDDC6873A03C}.Development Editor|Win64.ActiveCfg = Development|Any CPU
		{4A3AC5F7-6154-32C1-B77A-BDDC6873A03C}.Development Editor|Win64.Build.0 = Development|Any CPU
		{4A3AC5F7-6154-32C1-B77A-BDDC6873A03C}.Development|Win64.ActiveCfg = Development|Any CPU
		{4A3AC5F7-6154-32C1-B77A-BDDC6873A03C}.Development|Win64.Build.0 = Development|Any CPU
		{4A3AC5F7-6154-32C1-B77A-BDDC6873A03C}.Shipping|Win64.ActiveCfg = Development|Any CPU
		{4A3AC5F7-6154-32C1-B77A-BDDC6873A03C}.Shipping|Win64.Build.0 = Development|Any CPU
		{4C229D22-4ECA-37BF-8485-B161501BA482}.DebugGame Editor|Win64.ActiveCfg = Development|Any CPU
		{4C229D22-4ECA-37BF-8485-B161501BA482}.DebugGame Editor|Win64.Build.0 = Development|Any CPU
		{4C229D22-4ECA-37BF-8485-B161501BA482}.DebugGame|Win64.ActiveCfg = Development|Any CPU
		{4C229D22-4ECA-37BF-8485-B161501BA482}.DebugGame|Win64.Build.0 = Development|Any CPU
		{4C229D22-4ECA-37BF-8485-B161501BA482}.Development Editor|Win64.ActiveCfg = Development|Any CPU
		{4C229D22-4ECA-37BF-8485-B161501BA482}.Development Editor|Win64.Build.0 = Development|Any CPU
		{4C229D22-4ECA-37BF-8485-B161501BA482}.Development|Win64.ActiveCfg = Development|Any CPU
		{4C229D22-4ECA-37BF-8485-B161501BA482}.Development|Win64.Build.0 = Development|Any CPU
		{4C229D22-4ECA-37BF-8485-B161501BA482}.Shipping|Win64.ActiveCfg = Development|Any CPU
		{4C229D22-4ECA-37BF-8485-B161501BA482}.Shipping|Win64.Build.0 = Development|Any CPU
		{09D03700-A344-3A9C-A947-F290FC64646F}.DebugGame Editor|Win64.ActiveCfg = Development|Any CPU
		{09D03700-A344-3A9C-A947-F290FC64646F}.DebugGame Editor|Win64.Build.0 = Development|Any CPU
		{09D03700-A344-3A9C-A947-F290FC64646F}.DebugGame|Win64.ActiveCfg = Development|Any CPU
		{09D03700-A344-3A9C-A947-F290FC64646F}.DebugGame|Win64.Build.0 = Development|Any CPU
		{09D03700-A344-3A9C-A947-F290FC64646F}.Development Editor|Win64.ActiveCfg = Development|Any CPU
		{09D03700-A344-3A9C-A947-F290FC64646F}.Development Editor|Win64.Build.0 = Development|Any CPU
		{09D03700-A344-3A9C-A947-F290FC64646F}.Development|Win64.ActiveCfg = Development|Any CPU
		{09D03700-A344-3A9C-A947-F290FC64646F}.Development|Win64.Build.0 = Development|Any CPU
		{09D03700-A344-3A9C-A947-F290FC64646F}.Shipping|Win64.ActiveCfg = Development|Any CPU
		{09D03700-A344-3A9C-A947-F290FC64646F}.Shipping|Win64.Build.0 = Development|Any CPU
		{CA643D5E-9805-341D-8153-82EA81547950}.DebugGame Editor|Win64.ActiveCfg = Development|Any CPU
		{CA643D5E-9805-341D-8153-82EA81547950}.DebugGame Editor|Win64.Build.0 = Development|Any CPU
		{CA643D5E-9805-341D-8153-82EA81547950}.DebugGame|Win64.ActiveCfg = Development|Any CPU
		{CA643D5E-9805-341D-8153-82EA81547950}.DebugGame|Win64.Build.0 = Development|Any CPU
		{CA643D5E-9805-341D-8153-82EA81547950}.Development Editor|Win64.ActiveCfg = Development|Any CPU
		{CA643D5E-9805-341D-8153-82EA81547950}.Development Editor|Win64.Build.0 = Development|Any CPU
		{CA643D5E-9805-341D-8153-82EA81547950}.Development|Win64.ActiveCfg = Development|Any CPU
		{CA643D5E-9805-341D-8153-82EA81547950}.Development|Win64.Build.0 = Development|Any CPU
		{CA643D5E-9805-341D-8153-82EA81547950}.Shipping|Win64.ActiveCfg = Development|Any CPU
		{CA643D5E-9805-341D-8153-82EA81547950}.Shipping|Win64.Build.0 = Development|Any CPU
		{000282B0-68D9-361D-810D-D26BB3BBCDA1}.DebugGame Editor|Win64.ActiveCfg = Development|Any CPU
		{000282B0-68D9-361D-810D-D26BB3BBCDA1}.DebugGame Editor|Win64.Build.0 = Development|Any CPU
		{000282B0-68D9-361D-810D-D26BB3BBCDA1}.DebugGame|Win64.ActiveCfg = Development|Any CPU
		{000282B0-68D9-361D-810D-D26BB3BBCDA1}.DebugGame|Win64.Build.0 = Development|Any CPU
		{000282B0-68D9-361D-810D-D26BB3BBCDA1}.Development Editor|Win64.ActiveCfg = Development|Any CPU
		{000282B0-68D9-361D-810D-D26BB3BBCDA1}.Development Editor|Win64.Build.0 = Development|Any CPU
		{000282B0-68D9-361D-810D-D26BB3BBCDA1}.Development|Win64.ActiveCfg = Development|Any CPU
		{000282B0-68D9-361D-810D-D26BB3BBCDA1}.Development|Win64.Build.0 = Development|Any CPU
		{000282B0-68D9-361D-810D-D26BB3BBCDA1}.Shipping|Win64.ActiveCfg = Development|Any CPU
		{000282B0-68D9-361D-810D-D26BB3BBCDA1}.Shipping|Win64.Build.0 = Development|Any CPU
		{84C295C1-013C-388F-B82E-141D931472D4}.DebugGame Editor|Win64.ActiveCfg = Development|Any CPU
		{84C295C1-013C-388F-B82E-141D931472D4}.DebugGame Editor|Win64.Build.0 = Development|Any CPU
		{84C295C1-013C-388F-B82E-141D931472D4}.DebugGame|Win64.ActiveCfg = Development|Any CPU
		{84C295C1-013C-388F-B82E-141D931472D4}.DebugGame|Win64.Build.0 = Development|Any CPU
		{84C295C1-013C-388F-B82E-141D931472D4}.Development Editor|Win64.ActiveCfg = Development|Any CPU
		{84C295C1-013C-388F-B82E-141D931472D4}.Development Editor|Win64.Build.0 = Development|Any CPU
		{84C295C1-013C-388F-B82E-141D931472D4}.Development|Win64.ActiveCfg = Development|Any CPU
		{84C295C1-013C-388F-B82E-141D931472D4}.Development|Win64.Build.0 = Development|Any CPU
		{84C295C1-013C-388F-B82E-141D931472D4}.Shipping|Win64.ActiveCfg = Development|Any CPU
		{84C295C1-013C-388F-B82E-141D931472D4}.Shipping|Win64.Build.0 = Development|Any CPU
		{E8E7A57D-AF82-314F-87A1-75B209709032}.DebugGame Editor|Win64.ActiveCfg = Development|Any CPU
		{E8E7A57D-AF82-314F-87A1-75B209709032}.DebugGame Editor|Win64.Build.0 = Development|Any CPU
		{E8E7A57D-AF82-314F-87A1-75B209709032}.DebugGame|Win64.ActiveCfg = Development|Any CPU
		{E8E7A57D-AF82-314F-87A1-75B209709032}.DebugGame|Win64.Build.0 = Development|Any CPU
		{E8E7A57D-AF82-314F-87A1-75B209709032}.Development Editor|Win64.ActiveCfg = Development|Any CPU
		{E8E7A57D-AF82-314F-87A1-75B209709032}.Development Editor|Win64.Build.0 = Development|Any CPU
		{E8E7A57D-AF82-314F-87A1-75B209709032}.Development|Win64.ActiveCfg = Development|Any CPU
		{E8E7A57D-AF82-314F-87A1-75B209709032}.Development|Win64.Build.0 = Development|Any CPU
		{E8E7A57D-AF82-314F-87A1-75B209709032}.Shipping|Win64.ActiveCfg = Development|Any CPU
		{E8E7A57D-AF82-314F-87A1-75B209709032}.Shipping|Win64.Build.0 = Development|Any CPU
		{31411B00-7B67-31DB-81DE-B273C7CE1F98}.DebugGame Editor|Win64.ActiveCfg = Development|Any CPU
		{31411B00-7B67-31DB-81DE-B273C7CE1F98}.DebugGame Editor|Win64.Build.0 = Development|Any CPU
		{31411B00-7B67-31DB-81DE-B273C7CE1F98}.DebugGame|Win64.ActiveCfg = Development|Any CPU
		{31411B00-7B67-31DB-81DE-B273C7CE1F98}.DebugGame|Win64.Build.0 = Development|Any CPU
		{31411B00-7B67-31DB-81DE-B273C7CE1F98}.Development Editor|Win64.ActiveCfg = Development|Any CPU
		{31411B00-7B67-31DB-81DE-B273C7CE1F98}.Development Editor|Win64.Build.0 = Development|Any CPU
		{31411B00-7B67-31DB-81DE-B273C7CE1F98}.Development|Win64.ActiveCfg = Development|Any CPU
		{31411B00-7B67-31DB-81DE-B273C7CE1F98}.Development|Win64.Build.0 = Development|Any CPU
		{31411B00-7B67-31DB-81DE-B273C7CE1F98}.Shipping|Win64.ActiveCfg = Development|Any CPU
		{31411B00-7B67-31DB-81DE-B273C7CE1F98}.Shipping|Win64.Build.0 = Development|Any CPU
		{6B0EFC48-9029-39D0-B6BD-8FFB16745C91}.DebugGame Editor|Win64.ActiveCfg = Development|Any CPU
		{6B0EFC48-9029-39D0-B6BD-8FFB16745C91}.DebugGame Editor|Win64.Build.0 = Development|Any CPU
		{6B0EFC48-9029-39D0-B6BD-8FFB16745C91}.DebugGame|Win64.ActiveCfg = Development|Any CPU
		{6B0EFC48-9029-39D0-B6BD-8FFB16745C91}.DebugGame|Win64.Build.0 = Development|Any CPU
		{6B0EFC48-9029-39D0-B6BD-8FFB16745C91}.Development Editor|Win64.ActiveCfg = Development|Any CPU
		{6B0EFC48-9029-39D0-B6BD-8FFB16745C91}.Development Editor|Win64.Build.0 = Development|Any CPU
		{6B0EFC48-9029-39D0-B6BD-8FFB16745C91}.Development|Win64.ActiveCfg = Development|Any CPU
		{6B0EFC48-9029-39D0-B6BD-8FFB16745C91}.Development|Win64.Build.0 = Development|Any CPU
		{6B0EFC48-9029-39D0-B6BD-8FFB16745C91}.Shipping|Win64.ActiveCfg = Development|Any CPU
		{6B0EFC48-9029-39D0-B6BD-8FFB16745C91}.Shipping|Win64.Build.0 = Development|Any CPU
		{1AB359F8-FEAB-3A36-B8AB-3F3500430879}.DebugGame Editor|Win64.ActiveCfg = Development|Any CPU
		{1AB359F8-FEAB-3A36-B8AB-3F3500430879}.DebugGame Editor|Win64.Build.0 = Development|Any CPU
		{1AB359F8-FEAB-3A36-B8AB-3F3500430879}.DebugGame|Win64.ActiveCfg = Development|Any CPU
		{1AB359F8-FEAB-3A36-B8AB-3F3500430879}.DebugGame|Win64.Build.0 = Development|Any CPU
		{1AB359F8-FEAB-3A36-B8AB-3F3500430879}.Development Editor|Win64.ActiveCfg = Development|Any CPU
		{1AB359F8-FEAB-3A36-B8AB-3F3500430879}.Development Editor|Win64.Build.0 = Development|Any CPU
		{1AB359F8-FEAB-3A36-B8AB-3F3500430879}.Development|Win64.ActiveCfg = Development|Any CPU
		{1AB359F8-FEAB-3A36-B8AB-3F3500430879}.Development|Win64.Build.0 = Development|Any CPU
		{1AB359F8-FEAB-3A36-B8AB-3F3500430879}.Shipping|Win64.ActiveCfg = Development|Any CPU
		{1AB359F8-FEAB-3A36-B8AB-3F3500430879}.Shipping|Win64.Build.0 = Development|Any CPU
		{8E8B8B5E-D219-3043-AD9F-63F5998357CB}.DebugGame Editor|Win64.ActiveCfg = Development|Any CPU
		{8E8B8B5E-D219-3043-AD9F-63F5998357CB}.DebugGame Editor|Win64.Build.0 = Development|Any CPU
		{8E8B8B5E-D219-3043-AD9F-63F5998357CB}.DebugGame|Win64.ActiveCfg = Development|Any CPU
		{8E8B8B5E-D219-3043-AD9F-63F5998357CB}.DebugGame|Win64.Build.0 = Development|Any CPU
		{8E8B8B5E-D219-3043-AD9F-63F5998357CB}.Development Editor|Win64.ActiveCfg = Development|Any CPU
		{8E8B8B5E-D219-3043-AD9F-63F5998357CB}.Development Editor|Win64.Build.0 = Development|Any CPU
		{8E8B8B5E-D219-3043-AD9F-63F5998357CB}.Development|Win64.ActiveCfg = Development|Any CPU
		{8E8B8B5E-D219-3043-AD9F-63F5998357CB}.Development|Win64.Build.0 = Development|Any CPU
		{8E8B8B5E-D219-3043-AD9F-63F5998357CB}.Shipping|Win64.ActiveCfg = Development|Any CPU
		{8E8B8B5E-D219-3043-AD9F-63F5998357CB}.Shipping|Win64.Build.0 = Development|Any CPU
		{F62D0047-D426-3B94-BD11-A158FF172DC5}.DebugGame Editor|Win64.ActiveCfg = Development|Any CPU
		{F62D0047-D426-3B94-BD11-A158FF172DC5}.DebugGame Editor|Win64.Build.0 = Development|Any CPU
		{F62D0047-D426-3B94-BD11-A158FF172DC5}.DebugGame|Win64.ActiveCfg = Development|Any CPU
		{F62D0047-D426-3B94-BD11-A158FF172DC5}.DebugGame|Win64.Build.0 = Development|Any CPU
		{F62D0047-D426-3B94-BD11-A158FF172DC5}.Development Editor|Win64.ActiveCfg = Development|Any CPU
		{F62D0047-D426-3B94-BD11-A158FF172DC5}.Development Editor|Win64.Build.0 = Development|Any CPU
		{F62D0047-D426-3B94-BD11-A158FF172DC5}.Development|Win64.ActiveCfg = Development|Any CPU
		{F62D0047-D426-3B94-BD11-A158FF172DC5}.Development|Win64.Build.0 = Development|Any CPU
		{F62D0047-D426-3B94-BD11-A158FF172DC5}.Shipping|Win64.ActiveCfg = Development|Any CPU
		{F62D0047-D426-3B94-BD11-A158FF172DC5}.Shipping|Win64.Build.0 = Development|Any CPU
		{08C2E80E-215F-3E76-825D-332FF7E0E173}.DebugGame Editor|Win64.ActiveCfg = Development|Any CPU
		{08C2E80E-215F-3E76-825D-332FF7E0E173}.DebugGame Editor|Win64.Build.0 = Development|Any CPU
		{08C2E80E-215F-3E76-825D-332FF7E0E173}.DebugGame|Win64.ActiveCfg = Development|Any CPU
		{08C2E80E-215F-3E76-825D-332FF7E0E173}.DebugGame|Win64.Build.0 = Development|Any CPU
		{08C2E80E-215F-3E76-825D-332FF7E0E173}.Development Editor|Win64.ActiveCfg = Development|Any CPU
		{08C2E80E-215F-3E76-825D-332FF7E0E173}.Development Editor|Win64.Build.0 = Development|Any CPU
		{08C2E80E-215F-3E76-825D-332FF7E0E173}.Development|Win64.ActiveCfg = Development|Any CPU
		{08C2E80E-215F-3E76-825D-332FF7E0E173}.Development|Win64.Build.0 = Development|Any CPU
		{08C2E80E-215F-3E76-825D-332FF7E0E173}.Shipping|Win64.ActiveCfg = Development|Any CPU
		{08C2E80E-215F-3E76-825D-332FF7E0E173}.Shipping|Win64.Build.0 = Development|Any CPU
		{8A667875-7EC0-304B-92F4-2925C47E48DB}.DebugGame Editor|Win64.ActiveCfg = Development|Any CPU
		{8A667875-7EC0-304B-92F4-2925C47E48DB}.DebugGame Editor|Win64.Build.0 = Development|Any CPU
		{8A667875-7EC0-304B-92F4-2925C47E48DB}.DebugGame|Win64.ActiveCfg = Development|Any CPU
		{8A667875-7EC0-304B-92F4-2925C47E48DB}.DebugGame|Win64.Build.0 = Development|Any CPU
		{8A667875-7EC0-304B-92F4-2925C47E48DB}.Development Editor|Win64.ActiveCfg = Development|Any CPU
		{8A667875-7EC0-304B-92F4-2925C47E48DB}.Development Editor|Win64.Build.0 = Development|Any CPU
		{8A667875-7EC0-304B-92F4-2925C47E48DB}.Development|Win64.ActiveCfg = Development|Any CPU
		{8A667875-7EC0-304B-92F4-2925C47E48DB}.Development|Win64.Build.0 = Development|Any CPU
		{8A667875-7EC0-304B-92F4-2925C47E48DB}.Shipping|Win64.ActiveCfg = Development|Any CPU
		{8A667875-7EC0-304B-92F4-2925C47E48DB}.Shipping|Win64.Build.0 = Development|Any CPU
		{03F6FD26-8456-31B8-B658-85F2522C36AB}.DebugGame Editor|Win64.ActiveCfg = Development|Any CPU
		{03F6FD26-8456-31B8-B658-85F2522C36AB}.DebugGame Editor|Win64.Build.0 = Development|Any CPU
		{03F6FD26-8456-31B8-B658-85F2522C36AB}.DebugGame|Win64.ActiveCfg = Development|Any CPU
		{03F6FD26-8456-31B8-B658-85F2522C36AB}.DebugGame|Win64.Build.0 = Development|Any CPU
		{03F6FD26-8456-31B8-B658-85F2522C36AB}.Development Editor|Win64.ActiveCfg = Development|Any CPU
		{03F6FD26-8456-31B8-B658-85F2522C36AB}.Development Editor|Win64.Build.0 = Development|Any CPU
		{03F6FD26-8456-31B8-B658-85F2522C36AB}.Development|Win64.ActiveCfg = Development|Any CPU
		{03F6FD26-8456-31B8-B658-85F2522C36AB}.Development|Win64.Build.0 = Development|Any CPU
		{03F6FD26-8456-31B8-B658-85F2522C36AB}.Shipping|Win64.ActiveCfg = Development|Any CPU
		{03F6FD26-8456-31B8-B658-85F2522C36AB}.Shipping|Win64.Build.0 = Development|Any CPU
	EndGlobalSection
	GlobalSection(SolutionProperties) = preSolution
		HideSolutionNode = FALSE
	EndGlobalSection
	GlobalSection(NestedProjects) = preSolution
		{70472BD5-D5B0-3BA7-9509-8D9DA718D234} = {233774A8-CC9D-3FA9-86D1-90573E92B704}
		{380A49B9-AAD9-3B83-9CBE-9542FF9A08A5} = {DE1F8B53-6C02-3C13-9101-A7C8D96F3FF6}
		{B7307ED8-73A8-3CD5-A6B5-4A3F593A7561} = {A338B9E2-A559-34BE-A46D-F789DD488FAD}
		{7CC45899-C2AD-3513-A78E-A04A0107AD44} = {A338B9E2-A559-34BE-A46D-F789DD488FAD}
		{0BFBE63A-B98A-3411-8EEB-8918FEC737B3} = {A338B9E2-A559-34BE-A46D-F789DD488FAD}
		{7B5CFB44-F0FB-31DF-AE62-C3C096A29A7B} = {A338B9E2-A559-34BE-A46D-F789DD488FAD}
		{57713676-9DBE-331C-AD10-26632AC9EE0C} = {A338B9E2-A559-34BE-A46D-F789DD488FAD}
		{5C068ACA-00BD-39CA-97BC-0619BD1FA666} = {0BFBE63A-B98A-3411-8EEB-8918FEC737B3}
		{0F6CF1FD-6143-37CD-B711-DC1D761A3AA3} = {0BFBE63A-B98A-3411-8EEB-8918FEC737B3}
		{92DFBC91-FF20-3CEB-90FE-F2C0422DFA25} = {0BFBE63A-B98A-3411-8EEB-8918FEC737B3}
		{4E46CEBB-CD2A-3365-9D75-6476EF245D0A} = {0BFBE63A-B98A-3411-8EEB-8918FEC737B3}
		{381EA5F8-1DA5-3352-A426-77E5B92D1828} = {0BFBE63A-B98A-3411-8EEB-8918FEC737B3}
		{B78EC75F-BE90-3671-A377-9455A22AA80A} = {0BFBE63A-B98A-3411-8EEB-8918FEC737B3}
		{F3758D81-83EF-38F9-9E17-B83D56DCA5B2} = {0BFBE63A-B98A-3411-8EEB-8918FEC737B3}
		{80A79C30-2D2F-325C-A676-1AB1116CDF80} = {0BFBE63A-B98A-3411-8EEB-8918FEC737B3}
		{034F4717-F45D-30A4-B601-FDF945E98C90} = {0BFBE63A-B98A-3411-8EEB-8918FEC737B3}
		{414F2B7A-0C77-36DD-82FF-B61ABE1D2F46} = {0BFBE63A-B98A-3411-8EEB-8918FEC737B3}
		{53E9CF72-FB85-3D28-91D3-7614FEF3AE34} = {0BFBE63A-B98A-3411-8EEB-8918FEC737B3}
		{14C33AB5-9A8B-3741-8C3F-21A41DDF4BEE} = {0BFBE63A-B98A-3411-8EEB-8918FEC737B3}
		{E10060F0-7037-39BF-9A88-61D967E7E9F7} = {0BFBE63A-B98A-3411-8EEB-8918FEC737B3}
		{BA566F9E-5523-3754-8813-EB57904B8274} = {0BFBE63A-B98A-3411-8EEB-8918FEC737B3}
		{3073183B-8B7C-3720-8F2D-8E519D872CF1} = {0BFBE63A-B98A-3411-8EEB-8918FEC737B3}
		{217EA4F4-1CE2-3246-A676-037CC4BFFAFD} = {0BFBE63A-B98A-3411-8EEB-8918FEC737B3}
		{69DA7EF1-31AD-39C7-A526-5AE4FB02275A} = {0BFBE63A-B98A-3411-8EEB-8918FEC737B3}
		{2EDBD2CC-0B08-3918-9276-88DE71E0E27F} = {0BFBE63A-B98A-3411-8EEB-8918FEC737B3}
		{0C75C4C1-66F5-3858-8D83-A60345976372} = {0BFBE63A-B98A-3411-8EEB-8918FEC737B3}
		{BDB370CB-C587-33E4-8CEC-B7D8496FA10C} = {0BFBE63A-B98A-3411-8EEB-8918FEC737B3}
		{6174A51D-AE77-3B23-B586-26C89CCC8638} = {7B5CFB44-F0FB-31DF-AE62-C3C096A29A7B}
		{820BDA27-C3DE-3566-9C91-449AB1A6AC79} = {57713676-9DBE-331C-AD10-26632AC9EE0C}
		{47F76818-33E0-3927-BEE4-608837D86B8C} = {57713676-9DBE-331C-AD10-26632AC9EE0C}
		{F62E9918-060C-378F-98A4-671ECFF90A8E} = {57713676-9DBE-331C-AD10-26632AC9EE0C}
		{B454B94D-A3D1-3705-9FBE-E3BCF331C750} = {57713676-9DBE-331C-AD10-26632AC9EE0C}
		{236A7A79-0E7B-3A31-B156-886774F2DEC1} = {57713676-9DBE-331C-AD10-26632AC9EE0C}
		{1A6C9240-C493-3A5D-BB93-ED8CD009DD24} = {57713676-9DBE-331C-AD10-26632AC9EE0C}
		{C87F5015-61F7-3D21-8D40-E4FE5609453F} = {57713676-9DBE-331C-AD10-26632AC9EE0C}
		{3BEF6442-EA12-3217-AC69-F7DA836ADD76} = {57713676-9DBE-331C-AD10-26632AC9EE0C}
		{4A3AC5F7-6154-32C1-B77A-BDDC6873A03C} = {57713676-9DBE-331C-AD10-26632AC9EE0C}
		{4C229D22-4ECA-37BF-8485-B161501BA482} = {57713676-9DBE-331C-AD10-26632AC9EE0C}
		{09D03700-A344-3A9C-A947-F290FC64646F} = {57713676-9DBE-331C-AD10-26632AC9EE0C}
		{CA643D5E-9805-341D-8153-82EA81547950} = {57713676-9DBE-331C-AD10-26632AC9EE0C}
		{000282B0-68D9-361D-810D-D26BB3BBCDA1} = {57713676-9DBE-331C-AD10-26632AC9EE0C}
		{84C295C1-013C-388F-B82E-141D931472D4} = {57713676-9DBE-331C-AD10-26632AC9EE0C}
		{E8E7A57D-AF82-314F-87A1-75B209709032} = {57713676-9DBE-331C-AD10-26632AC9EE0C}
		{31411B00-7B67-31DB-81DE-B273C7CE1F98} = {57713676-9DBE-331C-AD10-26632AC9EE0C}
		{6B0EFC48-9029-39D0-B6BD-8FFB16745C91} = {57713676-9DBE-331C-AD10-26632AC9EE0C}
		{1AB359F8-FEAB-3A36-B8AB-3F3500430879} = {57713676-9DBE-331C-AD10-26632AC9EE0C}
		{8E8B8B5E-D219-3043-AD9F-63F5998357CB} = {57713676-9DBE-331C-AD10-26632AC9EE0C}
		{F62D0047-D426-3B94-BD11-A158FF172DC5} = {57713676-9DBE-331C-AD10-26632AC9EE0C}
		{08C2E80E-215F-3E76-825D-332FF7E0E173} = {C2F57ECE-B26F-39D8-BDA7-C1D40BD8F180}
		{8A667875-7EC0-304B-92F4-2925C47E48DB} = {C2F57ECE-B26F-39D8-BDA7-C1D40BD8F180}
		{03F6FD26-8456-31B8-B658-85F2522C36AB} = {C2F57ECE-B26F-39D8-BDA7-C1D40BD8F180}
	EndGlobalSection
EndGlobal
